Microsoft Visual Studio Solution File, Format Version 12.00
# Visual Studio 2012
Project("{FAE04EC0-301F-11D3-BF4B-00C04F79EFBC}") = "playmode_inspector_lab", "playmode_inspector_lab.csproj", "{2966FCDE-6AF5-4CF0-B46C-6EB4EB594872}"
EndProject
Global
	GlobalSection(SolutionConfigurationPlatforms) = preSolution
	Debug|Any CPU = Debug|Any CPU
	ExportDebug|Any CPU = ExportDebug|Any CPU
	ExportRelease|Any CPU = ExportRelease|Any CPU
	EndGlobalSection
	GlobalSection(ProjectConfigurationPlatforms) = postSolution
		{2966FCDE-6AF5-4CF0-B46C-6EB4EB594872}.Debug|Any CPU.ActiveCfg = Debug|Any CPU
		{2966FCDE-6AF5-4CF0-B46C-6EB4EB594872}.Debug|Any CPU.Build.0 = Debug|Any CPU
		{2966FCDE-6AF5-4CF0-B46C-6EB4EB594872}.ExportDebug|Any CPU.ActiveCfg = ExportDebug|Any CPU
		{2966FCDE-6AF5-4CF0-B46C-6EB4EB594872}.ExportDebug|Any CPU.Build.0 = ExportDebug|Any CPU
		{2966FCDE-6AF5-4CF0-B46C-6EB4EB594872}.ExportRelease|Any CPU.ActiveCfg = ExportRelease|Any CPU
		{2966FCDE-6AF5-4CF0-B46C-6EB4EB594872}.ExportRelease|Any CPU.Build.0 = ExportRelease|Any CPU
	EndGlobalSection
EndGlobal
